
Microsoft Visual Studio Solution File, Format Version 10.00
# Visual Studio 2008
Project("{FAE04EC0-301F-11D3-BF4B-00C04F79EFBC}") = "TestSqlServer35", "TestSqlServer35\TestSqlServer35.csproj", "{5252DE39-1745-4878-91DF-C19C5E582A2C}"
EndProject
Project("{FAE04EC0-301F-11D3-BF4B-00C04F79EFBC}") = "EntitySpaces.Core35", "..\..\..\EntitySpaces\EntitySpaces.Core\EntitySpaces.Core35.csproj", "{81B80C15-74F7-480A-B3C1-D8792785B357}"
EndProject
Project("{FAE04EC0-301F-11D3-BF4B-00C04F79EFBC}") = "EntitySpaces.DebuggerVisualizer35", "..\..\..\EntitySpaces\EntitySpaces.DebuggerVisualizer\EntitySpaces.DebuggerVisualizer35.csproj", "{A82A0BF9-2C70-4396-BD4B-9F287B0B347D}"
EndProject
Project("{FAE04EC0-301F-11D3-BF4B-00C04F79EFBC}") = "EntitySpaces.DynamicQuery35", "..\..\..\EntitySpaces\EntitySpaces.DynamicQuery\EntitySpaces.DynamicQuery35.csproj", "{9AA003D3-6DBB-4C6C-BDC5-F3E1F3BBB0DD}"
EndProject
Project("{FAE04EC0-301F-11D3-BF4B-00C04F79EFBC}") = "EntitySpaces.Interfaces35", "..\..\..\EntitySpaces\EntitySpaces.Interfaces\EntitySpaces.Interfaces35.csproj", "{B13AC54D-1CEE-4B91-BEAE-98CF0A4AA180}"
EndProject
Project("{FAE04EC0-301F-11D3-BF4B-00C04F79EFBC}") = "EntitySpaces.Loader35", "..\..\..\EntitySpaces\EntitySpaces.Loader\EntitySpaces.Loader35.csproj", "{7DFF20D6-C320-4920-AE92-4F096D8DFE61}"
EndProject
Project("{FAE04EC0-301F-11D3-BF4B-00C04F79EFBC}") = "EntitySpaces.SqlClientProvider35", "..\..\..\EntitySpaces\Providers\EntitySpaces.SqlClientProvider\EntitySpaces.SqlClientProvider35.csproj", "{96219C55-952F-4CCC-BF91-D91CA5EE5D56}"
EndProject
Project("{FAE04EC0-301F-11D3-BF4B-00C04F79EFBC}") = "XDMessaging", "..\..\..\XDMessaging\XDMessaging.csproj", "{EFAAE69D-F65D-4247-81AA-440E18C3336F}"
EndProject
Project("{FAE04EC0-301F-11D3-BF4B-00C04F79EFBC}") = "EntitySpaces.Profiler35", "..\..\..\EntitySpaces\EntitySpaces.Profiler\EntitySpaces.Profiler35.csproj", "{14CB78FC-1839-4F28-9F59-6522F2BFEFE7}"
EndProject
Global
	GlobalSection(SolutionConfigurationPlatforms) = preSolution
		Debug|Any CPU = Debug|Any CPU
		Debug|x64 = Debug|x64
		DebugDavidTests|Any CPU = DebugDavidTests|Any CPU
		DebugDavidTests|x64 = DebugDavidTests|x64
		DebugMikeTests|Any CPU = DebugMikeTests|Any CPU
		DebugMikeTests|x64 = DebugMikeTests|x64
		Release|Any CPU = Release|Any CPU
		Release|x64 = Release|x64
	EndGlobalSection
	GlobalSection(ProjectConfigurationPlatforms) = postSolution
		{5252DE39-1745-4878-91DF-C19C5E582A2C}.Debug|Any CPU.ActiveCfg = Debug|Any CPU
		{5252DE39-1745-4878-91DF-C19C5E582A2C}.Debug|Any CPU.Build.0 = Debug|Any CPU
		{5252DE39-1745-4878-91DF-C19C5E582A2C}.Debug|x64.ActiveCfg = Debug|Any CPU
		{5252DE39-1745-4878-91DF-C19C5E582A2C}.DebugDavidTests|Any CPU.ActiveCfg = Debug|Any CPU
		{5252DE39-1745-4878-91DF-C19C5E582A2C}.DebugDavidTests|Any CPU.Build.0 = Debug|Any CPU
		{5252DE39-1745-4878-91DF-C19C5E582A2C}.DebugDavidTests|x64.ActiveCfg = Debug|Any CPU
		{5252DE39-1745-4878-91DF-C19C5E582A2C}.DebugMikeTests|Any CPU.ActiveCfg = Debug|Any CPU
		{5252DE39-1745-4878-91DF-C19C5E582A2C}.DebugMikeTests|Any CPU.Build.0 = Debug|Any CPU
		{5252DE39-1745-4878-91DF-C19C5E582A2C}.DebugMikeTests|x64.ActiveCfg = Debug|Any CPU
		{5252DE39-1745-4878-91DF-C19C5E582A2C}.Release|Any CPU.ActiveCfg = Release|Any CPU
		{5252DE39-1745-4878-91DF-C19C5E582A2C}.Release|Any CPU.Build.0 = Release|Any CPU
		{5252DE39-1745-4878-91DF-C19C5E582A2C}.Release|x64.ActiveCfg = Release|Any CPU
		{81B80C15-74F7-480A-B3C1-D8792785B357}.Debug|Any CPU.ActiveCfg = Debug|Any CPU
		{81B80C15-74F7-480A-B3C1-D8792785B357}.Debug|Any CPU.Build.0 = Debug|Any CPU
		{81B80C15-74F7-480A-B3C1-D8792785B357}.Debug|x64.ActiveCfg = Debug|x64
		{81B80C15-74F7-480A-B3C1-D8792785B357}.Debug|x64.Build.0 = Debug|x64
		{81B80C15-74F7-480A-B3C1-D8792785B357}.DebugDavidTests|Any CPU.ActiveCfg = DebugDavidTests|Any CPU
		{81B80C15-74F7-480A-B3C1-D8792785B357}.DebugDavidTests|Any CPU.Build.0 = DebugDavidTests|Any CPU
		{81B80C15-74F7-480A-B3C1-D8792785B357}.DebugDavidTests|x64.ActiveCfg = DebugDavidTests|x64
		{81B80C15-74F7-480A-B3C1-D8792785B357}.DebugDavidTests|x64.Build.0 = DebugDavidTests|x64
		{81B80C15-74F7-480A-B3C1-D8792785B357}.DebugMikeTests|Any CPU.ActiveCfg = DebugMikeTests|Any CPU
		{81B80C15-74F7-480A-B3C1-D8792785B357}.DebugMikeTests|Any CPU.Build.0 = DebugMikeTests|Any CPU
		{81B80C15-74F7-480A-B3C1-D8792785B357}.DebugMikeTests|x64.ActiveCfg = DebugMikeTests|x64
		{81B80C15-74F7-480A-B3C1-D8792785B357}.DebugMikeTests|x64.Build.0 = DebugMikeTests|x64
		{81B80C15-74F7-480A-B3C1-D8792785B357}.Release|Any CPU.ActiveCfg = Release|Any CPU
		{81B80C15-74F7-480A-B3C1-D8792785B357}.Release|Any CPU.Build.0 = Release|Any CPU
		{81B80C15-74F7-480A-B3C1-D8792785B357}.Release|x64.ActiveCfg = Release|x64
		{81B80C15-74F7-480A-B3C1-D8792785B357}.Release|x64.Build.0 = Release|x64
		{A82A0BF9-2C70-4396-BD4B-9F287B0B347D}.Debug|Any CPU.ActiveCfg = Debug|Any CPU
		{A82A0BF9-2C70-4396-BD4B-9F287B0B347D}.Debug|Any CPU.Build.0 = Debug|Any CPU
		{A82A0BF9-2C70-4396-BD4B-9F287B0B347D}.Debug|x64.ActiveCfg = Debug|x64
		{A82A0BF9-2C70-4396-BD4B-9F287B0B347D}.Debug|x64.Build.0 = Debug|x64
		{A82A0BF9-2C70-4396-BD4B-9F287B0B347D}.DebugDavidTests|Any CPU.ActiveCfg = Debug|x64
		{A82A0BF9-2C70-4396-BD4B-9F287B0B347D}.DebugDavidTests|x64.ActiveCfg = Debug|x64
		{A82A0BF9-2C70-4396-BD4B-9F287B0B347D}.DebugDavidTests|x64.Build.0 = Debug|x64
		{A82A0BF9-2C70-4396-BD4B-9F287B0B347D}.DebugMikeTests|Any CPU.ActiveCfg = Debug|x64
		{A82A0BF9-2C70-4396-BD4B-9F287B0B347D}.DebugMikeTests|x64.ActiveCfg = Debug|x64
		{A82A0BF9-2C70-4396-BD4B-9F287B0B347D}.DebugMikeTests|x64.Build.0 = Debug|x64
		{A82A0BF9-2C70-4396-BD4B-9F287B0B347D}.Release|Any CPU.ActiveCfg = Release|Any CPU
		{A82A0BF9-2C70-4396-BD4B-9F287B0B347D}.Release|Any CPU.Build.0 = Release|Any CPU
		{A82A0BF9-2C70-4396-BD4B-9F287B0B347D}.Release|x64.ActiveCfg = Release|x64
		{A82A0BF9-2C70-4396-BD4B-9F287B0B347D}.Release|x64.Build.0 = Release|x64
		{9AA003D3-6DBB-4C6C-BDC5-F3E1F3BBB0DD}.Debug|Any CPU.ActiveCfg = Debug|Any CPU
		{9AA003D3-6DBB-4C6C-BDC5-F3E1F3BBB0DD}.Debug|Any CPU.Build.0 = Debug|Any CPU
		{9AA003D3-6DBB-4C6C-BDC5-F3E1F3BBB0DD}.Debug|x64.ActiveCfg = Debug|x64
		{9AA003D3-6DBB-4C6C-BDC5-F3E1F3BBB0DD}.Debug|x64.Build.0 = Debug|x64
		{9AA003D3-6DBB-4C6C-BDC5-F3E1F3BBB0DD}.DebugDavidTests|Any CPU.ActiveCfg = Debug|x64
		{9AA003D3-6DBB-4C6C-BDC5-F3E1F3BBB0DD}.DebugDavidTests|x64.ActiveCfg = Debug|x64
		{9AA003D3-6DBB-4C6C-BDC5-F3E1F3BBB0DD}.DebugDavidTests|x64.Build.0 = Debug|x64
		{9AA003D3-6DBB-4C6C-BDC5-F3E1F3BBB0DD}.DebugMikeTests|Any CPU.ActiveCfg = Debug|x64
		{9AA003D3-6DBB-4C6C-BDC5-F3E1F3BBB0DD}.DebugMikeTests|x64.ActiveCfg = Debug|x64
		{9AA003D3-6DBB-4C6C-BDC5-F3E1F3BBB0DD}.DebugMikeTests|x64.Build.0 = Debug|x64
		{9AA003D3-6DBB-4C6C-BDC5-F3E1F3BBB0DD}.Release|Any CPU.ActiveCfg = Release|Any CPU
		{9AA003D3-6DBB-4C6C-BDC5-F3E1F3BBB0DD}.Release|Any CPU.Build.0 = Release|Any CPU
		{9AA003D3-6DBB-4C6C-BDC5-F3E1F3BBB0DD}.Release|x64.ActiveCfg = Release|x64
		{9AA003D3-6DBB-4C6C-BDC5-F3E1F3BBB0DD}.Release|x64.Build.0 = Release|x64
		{B13AC54D-1CEE-4B91-BEAE-98CF0A4AA180}.Debug|Any CPU.ActiveCfg = Debug|Any CPU
		{B13AC54D-1CEE-4B91-BEAE-98CF0A4AA180}.Debug|Any CPU.Build.0 = Debug|Any CPU
		{B13AC54D-1CEE-4B91-BEAE-98CF0A4AA180}.Debug|x64.ActiveCfg = Debug|x64
		{B13AC54D-1CEE-4B91-BEAE-98CF0A4AA180}.Debug|x64.Build.0 = Debug|x64
		{B13AC54D-1CEE-4B91-BEAE-98CF0A4AA180}.DebugDavidTests|Any CPU.ActiveCfg = DebugDavidTests|Any CPU
		{B13AC54D-1CEE-4B91-BEAE-98CF0A4AA180}.DebugDavidTests|Any CPU.Build.0 = DebugDavidTests|Any CPU
		{B13AC54D-1CEE-4B91-BEAE-98CF0A4AA180}.DebugDavidTests|x64.ActiveCfg = DebugDavidTests|x64
		{B13AC54D-1CEE-4B91-BEAE-98CF0A4AA180}.DebugDavidTests|x64.Build.0 = DebugDavidTests|x64
		{B13AC54D-1CEE-4B91-BEAE-98CF0A4AA180}.DebugMikeTests|Any CPU.ActiveCfg = DebugMikeTests|Any CPU
		{B13AC54D-1CEE-4B91-BEAE-98CF0A4AA180}.DebugMikeTests|Any CPU.Build.0 = DebugMikeTests|Any CPU
		{B13AC54D-1CEE-4B91-BEAE-98CF0A4AA180}.DebugMikeTests|x64.ActiveCfg = DebugMikeTests|x64
		{B13AC54D-1CEE-4B91-BEAE-98CF0A4AA180}.DebugMikeTests|x64.Build.0 = DebugMikeTests|x64
		{B13AC54D-1CEE-4B91-BEAE-98CF0A4AA180}.Release|Any CPU.ActiveCfg = Release|Any CPU
		{B13AC54D-1CEE-4B91-BEAE-98CF0A4AA180}.Release|Any CPU.Build.0 = Release|Any CPU
		{B13AC54D-1CEE-4B91-BEAE-98CF0A4AA180}.Release|x64.ActiveCfg = Release|x64
		{B13AC54D-1CEE-4B91-BEAE-98CF0A4AA180}.Release|x64.Build.0 = Release|x64
		{7DFF20D6-C320-4920-AE92-4F096D8DFE61}.Debug|Any CPU.ActiveCfg = Debug|Any CPU
		{7DFF20D6-C320-4920-AE92-4F096D8DFE61}.Debug|Any CPU.Build.0 = Debug|Any CPU
		{7DFF20D6-C320-4920-AE92-4F096D8DFE61}.Debug|x64.ActiveCfg = Debug|x64
		{7DFF20D6-C320-4920-AE92-4F096D8DFE61}.Debug|x64.Build.0 = Debug|x64
		{7DFF20D6-C320-4920-AE92-4F096D8DFE61}.DebugDavidTests|Any CPU.ActiveCfg = Debug|x64
		{7DFF20D6-C320-4920-AE92-4F096D8DFE61}.DebugDavidTests|x64.ActiveCfg = Debug|x64
		{7DFF20D6-C320-4920-AE92-4F096D8DFE61}.DebugDavidTests|x64.Build.0 = Debug|x64
		{7DFF20D6-C320-4920-AE92-4F096D8DFE61}.DebugMikeTests|Any CPU.ActiveCfg = Debug|x64
		{7DFF20D6-C320-4920-AE92-4F096D8DFE61}.DebugMikeTests|x64.ActiveCfg = Debug|x64
		{7DFF20D6-C320-4920-AE92-4F096D8DFE61}.DebugMikeTests|x64.Build.0 = Debug|x64
		{7DFF20D6-C320-4920-AE92-4F096D8DFE61}.Release|Any CPU.ActiveCfg = Release|Any CPU
		{7DFF20D6-C320-4920-AE92-4F096D8DFE61}.Release|Any CPU.Build.0 = Release|Any CPU
		{7DFF20D6-C320-4920-AE92-4F096D8DFE61}.Release|x64.ActiveCfg = Release|x64
		{7DFF20D6-C320-4920-AE92-4F096D8DFE61}.Release|x64.Build.0 = Release|x64
		{96219C55-952F-4CCC-BF91-D91CA5EE5D56}.Debug|Any CPU.ActiveCfg = Debug|Any CPU
		{96219C55-952F-4CCC-BF91-D91CA5EE5D56}.Debug|Any CPU.Build.0 = Debug|Any CPU
		{96219C55-952F-4CCC-BF91-D91CA5EE5D56}.Debug|x64.ActiveCfg = Debug|x64
		{96219C55-952F-4CCC-BF91-D91CA5EE5D56}.Debug|x64.Build.0 = Debug|x64
		{96219C55-952F-4CCC-BF91-D91CA5EE5D56}.DebugDavidTests|Any CPU.ActiveCfg = DebugDavidTests|Any CPU
		{96219C55-952F-4CCC-BF91-D91CA5EE5D56}.DebugDavidTests|Any CPU.Build.0 = DebugDavidTests|Any CPU
		{96219C55-952F-4CCC-BF91-D91CA5EE5D56}.DebugDavidTests|x64.ActiveCfg = DebugDavidTests|x64
		{96219C55-952F-4CCC-BF91-D91CA5EE5D56}.DebugDavidTests|x64.Build.0 = DebugDavidTests|x64
		{96219C55-952F-4CCC-BF91-D91CA5EE5D56}.DebugMikeTests|Any CPU.ActiveCfg = DebugMikeTests|Any CPU
		{96219C55-952F-4CCC-BF91-D91CA5EE5D56}.DebugMikeTests|Any CPU.Build.0 = DebugMikeTests|Any CPU
		{96219C55-952F-4CCC-BF91-D91CA5EE5D56}.DebugMikeTests|x64.ActiveCfg = DebugMikeTests|x64
		{96219C55-952F-4CCC-BF91-D91CA5EE5D56}.DebugMikeTests|x64.Build.0 = DebugMikeTests|x64
		{96219C55-952F-4CCC-BF91-D91CA5EE5D56}.Release|Any CPU.ActiveCfg = Release|Any CPU
		{96219C55-952F-4CCC-BF91-D91CA5EE5D56}.Release|Any CPU.Build.0 = Release|Any CPU
		{96219C55-952F-4CCC-BF91-D91CA5EE5D56}.Release|x64.ActiveCfg = Release|x64
		{96219C55-952F-4CCC-BF91-D91CA5EE5D56}.Release|x64.Build.0 = Release|x64
		{EFAAE69D-F65D-4247-81AA-440E18C3336F}.Debug|Any CPU.ActiveCfg = Debug|Any CPU
		{EFAAE69D-F65D-4247-81AA-440E18C3336F}.Debug|Any CPU.Build.0 = Debug|Any CPU
		{EFAAE69D-F65D-4247-81AA-440E18C3336F}.Debug|x64.ActiveCfg = Debug|Any CPU
		{EFAAE69D-F65D-4247-81AA-440E18C3336F}.DebugDavidTests|Any CPU.ActiveCfg = Debug|Any CPU
		{EFAAE69D-F65D-4247-81AA-440E18C3336F}.DebugDavidTests|Any CPU.Build.0 = Debug|Any CPU
		{EFAAE69D-F65D-4247-81AA-440E18C3336F}.DebugDavidTests|x64.ActiveCfg = Debug|Any CPU
		{EFAAE69D-F65D-4247-81AA-440E18C3336F}.DebugMikeTests|Any CPU.ActiveCfg = Debug|Any CPU
		{EFAAE69D-F65D-4247-81AA-440E18C3336F}.DebugMikeTests|Any CPU.Build.0 = Debug|Any CPU
		{EFAAE69D-F65D-4247-81AA-440E18C3336F}.DebugMikeTests|x64.ActiveCfg = Debug|Any CPU
		{EFAAE69D-F65D-4247-81AA-440E18C3336F}.Release|Any CPU.ActiveCfg = Release|Any CPU
		{EFAAE69D-F65D-4247-81AA-440E18C3336F}.Release|Any CPU.Build.0 = Release|Any CPU
		{EFAAE69D-F65D-4247-81AA-440E18C3336F}.Release|x64.ActiveCfg = Release|Any CPU
		{14CB78FC-1839-4F28-9F59-6522F2BFEFE7}.Debug|Any CPU.ActiveCfg = Debug|Any CPU
		{14CB78FC-1839-4F28-9F59-6522F2BFEFE7}.Debug|Any CPU.Build.0 = Debug|Any CPU
		{14CB78FC-1839-4F28-9F59-6522F2BFEFE7}.Debug|x64.ActiveCfg = Debug|x64
		{14CB78FC-1839-4F28-9F59-6522F2BFEFE7}.Debug|x64.Build.0 = Debug|x64
		{14CB78FC-1839-4F28-9F59-6522F2BFEFE7}.DebugDavidTests|Any CPU.ActiveCfg = Debug|x64
		{14CB78FC-1839-4F28-9F59-6522F2BFEFE7}.DebugDavidTests|x64.ActiveCfg = Debug|x64
		{14CB78FC-1839-4F28-9F59-6522F2BFEFE7}.DebugDavidTests|x64.Build.0 = Debug|x64
		{14CB78FC-1839-4F28-9F59-6522F2BFEFE7}.DebugMikeTests|Any CPU.ActiveCfg = Debug|x64
		{14CB78FC-1839-4F28-9F59-6522F2BFEFE7}.DebugMikeTests|x64.ActiveCfg = Debug|x64
		{14CB78FC-1839-4F28-9F59-6522F2BFEFE7}.DebugMikeTests|x64.Build.0 = Debug|x64
		{14CB78FC-1839-4F28-9F59-6522F2BFEFE7}.Release|Any CPU.ActiveCfg = Release|Any CPU
		{14CB78FC-1839-4F28-9F59-6522F2BFEFE7}.Release|Any CPU.Build.0 = Release|Any CPU
		{14CB78FC-1839-4F28-9F59-6522F2BFEFE7}.Release|x64.ActiveCfg = Release|x64
		{14CB78FC-1839-4F28-9F59-6522F2BFEFE7}.Release|x64.Build.0 = Release|x64
	EndGlobalSection
	GlobalSection(SolutionProperties) = preSolution
		HideSolutionNode = FALSE
	EndGlobalSection
EndGlobal
