
Microsoft Visual Studio Solution File, Format Version 10.00
# Visual Studio 2008
Project("{FAE04EC0-301F-11D3-BF4B-00C04F79EFBC}") = "EntitySpaces.Core35.CF", "EntitySpaces.Core\EntitySpaces.Core35.CF.csproj", "{5E685EB4-6BA2-4A02-8870-705E22F57095}"
EndProject
Project("{FAE04EC0-301F-11D3-BF4B-00C04F79EFBC}") = "EntitySpaces.Interfaces35.CF", "EntitySpaces.Interfaces\EntitySpaces.Interfaces35.CF.csproj", "{44BE68AE-0FD1-4677-8155-84A886E0642F}"
EndProject
Project("{FAE04EC0-301F-11D3-BF4B-00C04F79EFBC}") = "EntitySpaces.LoaderMT35.CF", "EntitySpaces.LoaderMT.CF\EntitySpaces.LoaderMT35.CF.csproj", "{A637ACD1-51DA-4F08-9169-589CA117AFBB}"
EndProject
Project("{FAE04EC0-301F-11D3-BF4B-00C04F79EFBC}") = "EntitySpaces.Loader35.CF", "EntitySpaces.Loader.CF\EntitySpaces.Loader35.CF.csproj", "{ED15DE70-B20E-43DD-8BD8-11E63791808D}"
EndProject
Project("{FAE04EC0-301F-11D3-BF4B-00C04F79EFBC}") = "EntitySpaces.SqlServerCeProvider35.CF", "Providers\EntitySpaces.SqlServerCeProvider.CF\EntitySpaces.SqlServerCeProvider35.CF.csproj", "{69AAFC31-DE1B-41BF-8BFE-BE1D14B8D580}"
EndProject
Project("{FAE04EC0-301F-11D3-BF4B-00C04F79EFBC}") = "EntitySpaces.DynamicQuery35.CF", "EntitySpaces.DynamicQuery\EntitySpaces.DynamicQuery35.CF.csproj", "{D45E8879-49E2-4783-9E24-F37E0193FEC6}"
EndProject
Project("{FAE04EC0-301F-11D3-BF4B-00C04F79EFBC}") = "EntitySpaces.SybaseSqlAnywhereProvider35.CF", "Providers\EntitySpaces.SybaseSqlAnywhereProvider.CF\EntitySpaces.SybaseSqlAnywhereProvider35.CF.csproj", "{D5F758FC-4DDF-4686-864F-AB34845D01E9}"
EndProject
Project("{FAE04EC0-301F-11D3-BF4B-00C04F79EFBC}") = "EntitySpaces.SQLiteProvider35.CF", "Providers\EntitySpaces.SQLiteProvider.CF\EntitySpaces.SQLiteProvider35.CF.csproj", "{5E8BD981-411A-4783-833F-7D5F46A1ECD3}"
EndProject
Project("{FAE04EC0-301F-11D3-BF4B-00C04F79EFBC}") = "EntitySpaces.VistaDBProvider35.CF", "Providers\EntitySpaces.VistaDBProvider.CF\EntitySpaces.VistaDBProvider35.CF.csproj", "{B4C7F77E-4E50-4D22-BDCF-DC122826AFD6}"
EndProject
Global
	GlobalSection(SolutionConfigurationPlatforms) = preSolution
		Debug|Any CPU = Debug|Any CPU
		Release|Any CPU = Release|Any CPU
	EndGlobalSection
	GlobalSection(ProjectConfigurationPlatforms) = postSolution
		{5E685EB4-6BA2-4A02-8870-705E22F57095}.Debug|Any CPU.ActiveCfg = Debug|Any CPU
		{5E685EB4-6BA2-4A02-8870-705E22F57095}.Debug|Any CPU.Build.0 = Debug|Any CPU
		{5E685EB4-6BA2-4A02-8870-705E22F57095}.Release|Any CPU.ActiveCfg = Release|Any CPU
		{5E685EB4-6BA2-4A02-8870-705E22F57095}.Release|Any CPU.Build.0 = Release|Any CPU
		{44BE68AE-0FD1-4677-8155-84A886E0642F}.Debug|Any CPU.ActiveCfg = Debug|Any CPU
		{44BE68AE-0FD1-4677-8155-84A886E0642F}.Debug|Any CPU.Build.0 = Debug|Any CPU
		{44BE68AE-0FD1-4677-8155-84A886E0642F}.Release|Any CPU.ActiveCfg = Release|Any CPU
		{44BE68AE-0FD1-4677-8155-84A886E0642F}.Release|Any CPU.Build.0 = Release|Any CPU
		{A637ACD1-51DA-4F08-9169-589CA117AFBB}.Debug|Any CPU.ActiveCfg = Debug|Any CPU
		{A637ACD1-51DA-4F08-9169-589CA117AFBB}.Debug|Any CPU.Build.0 = Debug|Any CPU
		{A637ACD1-51DA-4F08-9169-589CA117AFBB}.Release|Any CPU.ActiveCfg = Release|Any CPU
		{A637ACD1-51DA-4F08-9169-589CA117AFBB}.Release|Any CPU.Build.0 = Release|Any CPU
		{ED15DE70-B20E-43DD-8BD8-11E63791808D}.Debug|Any CPU.ActiveCfg = Debug|Any CPU
		{ED15DE70-B20E-43DD-8BD8-11E63791808D}.Debug|Any CPU.Build.0 = Debug|Any CPU
		{ED15DE70-B20E-43DD-8BD8-11E63791808D}.Release|Any CPU.ActiveCfg = Release|Any CPU
		{ED15DE70-B20E-43DD-8BD8-11E63791808D}.Release|Any CPU.Build.0 = Release|Any CPU
		{69AAFC31-DE1B-41BF-8BFE-BE1D14B8D580}.Debug|Any CPU.ActiveCfg = Debug|Any CPU
		{69AAFC31-DE1B-41BF-8BFE-BE1D14B8D580}.Debug|Any CPU.Build.0 = Debug|Any CPU
		{69AAFC31-DE1B-41BF-8BFE-BE1D14B8D580}.Release|Any CPU.ActiveCfg = Release|Any CPU
		{69AAFC31-DE1B-41BF-8BFE-BE1D14B8D580}.Release|Any CPU.Build.0 = Release|Any CPU
		{D45E8879-49E2-4783-9E24-F37E0193FEC6}.Debug|Any CPU.ActiveCfg = Debug|Any CPU
		{D45E8879-49E2-4783-9E24-F37E0193FEC6}.Debug|Any CPU.Build.0 = Debug|Any CPU
		{D45E8879-49E2-4783-9E24-F37E0193FEC6}.Release|Any CPU.ActiveCfg = Release|Any CPU
		{D45E8879-49E2-4783-9E24-F37E0193FEC6}.Release|Any CPU.Build.0 = Release|Any CPU
		{D5F758FC-4DDF-4686-864F-AB34845D01E9}.Debug|Any CPU.ActiveCfg = Debug|Any CPU
		{D5F758FC-4DDF-4686-864F-AB34845D01E9}.Debug|Any CPU.Build.0 = Debug|Any CPU
		{D5F758FC-4DDF-4686-864F-AB34845D01E9}.Release|Any CPU.ActiveCfg = Release|Any CPU
		{D5F758FC-4DDF-4686-864F-AB34845D01E9}.Release|Any CPU.Build.0 = Release|Any CPU
		{5E8BD981-411A-4783-833F-7D5F46A1ECD3}.Debug|Any CPU.ActiveCfg = Debug|Any CPU
		{5E8BD981-411A-4783-833F-7D5F46A1ECD3}.Debug|Any CPU.Build.0 = Debug|Any CPU
		{5E8BD981-411A-4783-833F-7D5F46A1ECD3}.Release|Any CPU.ActiveCfg = Release|Any CPU
		{5E8BD981-411A-4783-833F-7D5F46A1ECD3}.Release|Any CPU.Build.0 = Release|Any CPU
		{B4C7F77E-4E50-4D22-BDCF-DC122826AFD6}.Debug|Any CPU.ActiveCfg = Debug|Any CPU
		{B4C7F77E-4E50-4D22-BDCF-DC122826AFD6}.Debug|Any CPU.Build.0 = Debug|Any CPU
		{B4C7F77E-4E50-4D22-BDCF-DC122826AFD6}.Release|Any CPU.ActiveCfg = Release|Any CPU
		{B4C7F77E-4E50-4D22-BDCF-DC122826AFD6}.Release|Any CPU.Build.0 = Release|Any CPU
	EndGlobalSection
	GlobalSection(SolutionProperties) = preSolution
		HideSolutionNode = FALSE
	EndGlobalSection
EndGlobal
