
Microsoft Visual Studio Solution File, Format Version 11.00
# Visual Studio 2010
Project("{F184B08F-C81C-45F6-A57F-5ABD9991F28F}") = "Silverlight_RiaServices", "Silverlight_RiaServices\Silverlight_RiaServices.vbproj", "{C3D543E2-887A-4275-95FC-DC817F8F3102}"
	ProjectSection(ProjectDependencies) = postProject
		{E4FA793A-65B6-4EB8-A616-2B341269ADF2} = {E4FA793A-65B6-4EB8-A616-2B341269ADF2}
	EndProjectSection
EndProject
Project("{F184B08F-C81C-45F6-A57F-5ABD9991F28F}") = "Silverlight_RiaServices.Web", "Silverlight_RiaServices.Web\Silverlight_RiaServices.Web.vbproj", "{E4FA793A-65B6-4EB8-A616-2B341269ADF2}"
EndProject
Project("{2150E333-8FDC-42A3-9474-1A3956D46DE8}") = "Solution Items", "Solution Items", "{69A2568F-2A27-412C-BEFD-3FC8A5DB9414}"
	ProjectSection(SolutionItems) = preProject
		Silverlight RiaServices VB.pdf = Silverlight RiaServices VB.pdf
	EndProjectSection
EndProject
Global
	GlobalSection(SolutionConfigurationPlatforms) = preSolution
		Debug|Any CPU = Debug|Any CPU
		Release|Any CPU = Release|Any CPU
	EndGlobalSection
	GlobalSection(ProjectConfigurationPlatforms) = postSolution
		{C3D543E2-887A-4275-95FC-DC817F8F3102}.Debug|Any CPU.ActiveCfg = Debug|Any CPU
		{C3D543E2-887A-4275-95FC-DC817F8F3102}.Debug|Any CPU.Build.0 = Debug|Any CPU
		{C3D543E2-887A-4275-95FC-DC817F8F3102}.Release|Any CPU.ActiveCfg = Release|Any CPU
		{C3D543E2-887A-4275-95FC-DC817F8F3102}.Release|Any CPU.Build.0 = Release|Any CPU
		{E4FA793A-65B6-4EB8-A616-2B341269ADF2}.Debug|Any CPU.ActiveCfg = Debug|Any CPU
		{E4FA793A-65B6-4EB8-A616-2B341269ADF2}.Debug|Any CPU.Build.0 = Debug|Any CPU
		{E4FA793A-65B6-4EB8-A616-2B341269ADF2}.Release|Any CPU.ActiveCfg = Release|Any CPU
		{E4FA793A-65B6-4EB8-A616-2B341269ADF2}.Release|Any CPU.Build.0 = Release|Any CPU
	EndGlobalSection
	GlobalSection(SolutionProperties) = preSolution
		HideSolutionNode = FALSE
	EndGlobalSection
EndGlobal
