
Microsoft Visual Studio Solution File, Format Version 10.00
# Visual Studio 2008
Project("{FAE04EC0-301F-11D3-BF4B-00C04F79EFBC}") = "EntitySpaces.DynamicQuery.Silverlight", "EntitySpaces.DynamicQuery.Silverlight.csproj", "{538D8168-1261-4858-941A-C454C6E01554}"
EndProject
Global
	GlobalSection(SolutionConfigurationPlatforms) = preSolution
		Debug|Any CPU = Debug|Any CPU
		Release|Any CPU = Release|Any CPU
	EndGlobalSection
	GlobalSection(ProjectConfigurationPlatforms) = postSolution
		{538D8168-1261-4858-941A-C454C6E01554}.Debug|Any CPU.ActiveCfg = Debug|Any CPU
		{538D8168-1261-4858-941A-C454C6E01554}.Debug|Any CPU.Build.0 = Debug|Any CPU
		{538D8168-1261-4858-941A-C454C6E01554}.Release|Any CPU.ActiveCfg = Release|Any CPU
		{538D8168-1261-4858-941A-C454C6E01554}.Release|Any CPU.Build.0 = Release|Any CPU
	EndGlobalSection
	GlobalSection(SolutionProperties) = preSolution
		HideSolutionNode = FALSE
	EndGlobalSection
EndGlobal
